// !$*UTF8*$!
{
	archiveVersion = 1;
	classes = {
	};
	objectVersion = 46;
	objects = {

/* Begin PBXBuildFile section */
		688FD1991CCB343300344C7B /* main.m in Sources */ = {isa = PBXBuildFile; fileRef = 688FD1981CCB343300344C7B /* main.m */; };
		688FD19C1CCB343300344C7B /* AppDelegate.m in Sources */ = {isa = PBXBuildFile; fileRef = 688FD19B1CCB343300344C7B /* AppDelegate.m */; };
		688FD19F1CCB343300344C7B /* MapVC.m in Sources */ = {isa = PBXBuildFile; fileRef = 688FD19E1CCB343300344C7B /* MapVC.m */; };
		688FD1A21CCB343300344C7B /* ListVC.m in Sources */ = {isa = PBXBuildFile; fileRef = 688FD1A11CCB343300344C7B /* ListVC.m */; };
		688FD1A51CCB343300344C7B /* Main.storyboard in Resources */ = {isa = PBXBuildFile; fileRef = 688FD1A31CCB343300344C7B /* Main.storyboard */; };
		688FD1A71CCB343300344C7B /* Assets.xcassets in Resources */ = {isa = PBXBuildFile; fileRef = 688FD1A61CCB343300344C7B /* Assets.xcassets */; };
		688FD1AA1CCB343300344C7B /* LaunchScreen.storyboard in Resources */ = {isa = PBXBuildFile; fileRef = 688FD1A81CCB343300344C7B /* LaunchScreen.storyboard */; };
		688FD1B31CCB46DF00344C7B /* CM.m in Sources */ = {isa = PBXBuildFile; fileRef = 688FD1B21CCB46DF00344C7B /* CM.m */; };
		688FD1B61CCB52BA00344C7B /* ItineraryVC.m in Sources */ = {isa = PBXBuildFile; fileRef = 688FD1B51CCB52BA00344C7B /* ItineraryVC.m */; };
		688FD1C11CCB71CC00344C7B /* MapPinGreen.png in Resources */ = {isa = PBXBuildFile; fileRef = 688FD1B81CCB71CC00344C7B /* MapPinGreen.png */; };
		688FD1C21CCB71CD00344C7B /* MapPinGreen@2x.png in Resources */ = {isa = PBXBuildFile; fileRef = 688FD1B91CCB71CC00344C7B /* MapPinGreen@2x.png */; };
		688FD1C31CCB71CD00344C7B /* MapPinGreen@3x.png in Resources */ = {isa = PBXBuildFile; fileRef = 688FD1BA1CCB71CC00344C7B /* MapPinGreen@3x.png */; };
		688FD1C41CCB71CD00344C7B /* MapPinRed.png in Resources */ = {isa = PBXBuildFile; fileRef = 688FD1BB1CCB71CC00344C7B /* MapPinRed.png */; };
		688FD1C51CCB71CD00344C7B /* MapPinRed@2x.png in Resources */ = {isa = PBXBuildFile; fileRef = 688FD1BC1CCB71CC00344C7B /* MapPinRed@2x.png */; };
		688FD1C61CCB71CD00344C7B /* MapPinRed@3x.png in Resources */ = {isa = PBXBuildFile; fileRef = 688FD1BD1CCB71CC00344C7B /* MapPinRed@3x.png */; };
		688FD1C71CCB71CD00344C7B /* MapPinYellow.png in Resources */ = {isa = PBXBuildFile; fileRef = 688FD1BE1CCB71CC00344C7B /* MapPinYellow.png */; };
		688FD1C81CCB71CD00344C7B /* MapPinYellow@2x.png in Resources */ = {isa = PBXBuildFile; fileRef = 688FD1BF1CCB71CC00344C7B /* MapPinYellow@2x.png */; };
		688FD1C91CCB71CD00344C7B /* MapPinYellow@3x.png in Resources */ = {isa = PBXBuildFile; fileRef = 688FD1C01CCB71CC00344C7B /* MapPinYellow@3x.png */; };
		688FD1CC1CCB721600344C7B /* CMPinAnnotation.m in Sources */ = {isa = PBXBuildFile; fileRef = 688FD1CB1CCB721600344C7B /* CMPinAnnotation.m */; };
		688FD1CF1CCB741200344C7B /* CMSite.m in Sources */ = {isa = PBXBuildFile; fileRef = 688FD1CE1CCB741200344C7B /* CMSite.m */; };
		688FD1D31CCC56A700344C7B /* 06-map-pin.png in Resources */ = {isa = PBXBuildFile; fileRef = 688FD1D11CCC56A700344C7B /* 06-map-pin.png */; };
		688FD1D41CCC56A700344C7B /* 06-map-pin@2x.png in Resources */ = {isa = PBXBuildFile; fileRef = 688FD1D21CCC56A700344C7B /* 06-map-pin@2x.png */; };
		688FD1D61CCC570000344C7B /* map.png in Resources */ = {isa = PBXBuildFile; fileRef = 688FD1D51CCC570000344C7B /* map.png */; };
		688FD1D81CCC571200344C7B /* text_justify.png in Resources */ = {isa = PBXBuildFile; fileRef = 688FD1D71CCC571200344C7B /* text_justify.png */; };
		688FD1DA1CCC572600344C7B /* star.png in Resources */ = {isa = PBXBuildFile; fileRef = 688FD1D91CCC572600344C7B /* star.png */; };
		688FD1DD1CCC575300344C7B /* 28-star.png in Resources */ = {isa = PBXBuildFile; fileRef = 688FD1DB1CCC575300344C7B /* 28-star.png */; };
		688FD1DE1CCC575300344C7B /* 28-star@2x.png in Resources */ = {isa = PBXBuildFile; fileRef = 688FD1DC1CCC575300344C7B /* 28-star@2x.png */; };
		688FD1E11CCC577000344C7B /* 103-map.png in Resources */ = {isa = PBXBuildFile; fileRef = 688FD1DF1CCC577000344C7B /* 103-map.png */; };
		688FD1E21CCC577000344C7B /* 103-map@2x.png in Resources */ = {isa = PBXBuildFile; fileRef = 688FD1E01CCC577000344C7B /* 103-map@2x.png */; };
		688FD1E51CCC57A800344C7B /* 259-list.png in Resources */ = {isa = PBXBuildFile; fileRef = 688FD1E31CCC57A800344C7B /* 259-list.png */; };
		688FD1E61CCC57A800344C7B /* 259-list@2x.png in Resources */ = {isa = PBXBuildFile; fileRef = 688FD1E41CCC57A800344C7B /* 259-list@2x.png */; };
		BA86AE8613460ED58441DB45 /* libPods-Carpe Miem.a in Frameworks */ = {isa = PBXBuildFile; fileRef = FE7D4595EFC5B85F2F9BC4E0 /* libPods-Carpe Miem.a */; };
/* End PBXBuildFile section */

/* Begin PBXFileReference section */
		688FD1941CCB343300344C7B /* Carpe Miem.app */ = {isa = PBXFileReference; explicitFileType = wrapper.application; includeInIndex = 0; path = "Carpe Miem.app"; sourceTree = BUILT_PRODUCTS_DIR; };
		688FD1981CCB343300344C7B /* main.m */ = {isa = PBXFileReference; lastKnownFileType = sourcecode.c.objc; path = main.m; sourceTree = "<group>"; };
		688FD19A1CCB343300344C7B /* AppDelegate.h */ = {isa = PBXFileReference; lastKnownFileType = sourcecode.c.h; path = AppDelegate.h; sourceTree = "<group>"; };
		688FD19B1CCB343300344C7B /* AppDelegate.m */ = {isa = PBXFileReference; lastKnownFileType = sourcecode.c.objc; path = AppDelegate.m; sourceTree = "<group>"; };
		688FD19D1CCB343300344C7B /* MapVC.h */ = {isa = PBXFileReference; lastKnownFileType = sourcecode.c.h; path = MapVC.h; sourceTree = "<group>"; };
		688FD19E1CCB343300344C7B /* MapVC.m */ = {isa = PBXFileReference; lastKnownFileType = sourcecode.c.objc; path = MapVC.m; sourceTree = "<group>"; };
		688FD1A01CCB343300344C7B /* ListVC.h */ = {isa = PBXFileReference; lastKnownFileType = sourcecode.c.h; path = ListVC.h; sourceTree = "<group>"; };
		688FD1A11CCB343300344C7B /* ListVC.m */ = {isa = PBXFileReference; lastKnownFileType = sourcecode.c.objc; path = ListVC.m; sourceTree = "<group>"; };
		688FD1A41CCB343300344C7B /* Base */ = {isa = PBXFileReference; lastKnownFileType = file.storyboard; name = Base; path = Base.lproj/Main.storyboard; sourceTree = "<group>"; };
		688FD1A61CCB343300344C7B /* Assets.xcassets */ = {isa = PBXFileReference; lastKnownFileType = folder.assetcatalog; path = Assets.xcassets; sourceTree = "<group>"; };
		688FD1A91CCB343300344C7B /* Base */ = {isa = PBXFileReference; lastKnownFileType = file.storyboard; name = Base; path = Base.lproj/LaunchScreen.storyboard; sourceTree = "<group>"; };
		688FD1AB1CCB343300344C7B /* Info.plist */ = {isa = PBXFileReference; lastKnownFileType = text.plist.xml; path = Info.plist; sourceTree = "<group>"; };
		688FD1B11CCB46DF00344C7B /* CM.h */ = {isa = PBXFileReference; fileEncoding = 4; lastKnownFileType = sourcecode.c.h; path = CM.h; sourceTree = "<group>"; };
		688FD1B21CCB46DF00344C7B /* CM.m */ = {isa = PBXFileReference; fileEncoding = 4; lastKnownFileType = sourcecode.c.objc; path = CM.m; sourceTree = "<group>"; };
		688FD1B41CCB52BA00344C7B /* ItineraryVC.h */ = {isa = PBXFileReference; fileEncoding = 4; lastKnownFileType = sourcecode.c.h; path = ItineraryVC.h; sourceTree = "<group>"; };
		688FD1B51CCB52BA00344C7B /* ItineraryVC.m */ = {isa = PBXFileReference; fileEncoding = 4; lastKnownFileType = sourcecode.c.objc; path = ItineraryVC.m; sourceTree = "<group>"; };
		688FD1B81CCB71CC00344C7B /* MapPinGreen.png */ = {isa = PBXFileReference; lastKnownFileType = image.png; path = MapPinGreen.png; sourceTree = "<group>"; };
		688FD1B91CCB71CC00344C7B /* MapPinGreen@2x.png */ = {isa = PBXFileReference; lastKnownFileType = image.png; path = "MapPinGreen@2x.png"; sourceTree = "<group>"; };
		688FD1BA1CCB71CC00344C7B /* MapPinGreen@3x.png */ = {isa = PBXFileReference; lastKnownFileType = image.png; path = "MapPinGreen@3x.png"; sourceTree = "<group>"; };
		688FD1BB1CCB71CC00344C7B /* MapPinRed.png */ = {isa = PBXFileReference; lastKnownFileType = image.png; path = MapPinRed.png; sourceTree = "<group>"; };
		688FD1BC1CCB71CC00344C7B /* MapPinRed@2x.png */ = {isa = PBXFileReference; lastKnownFileType = image.png; path = "MapPinRed@2x.png"; sourceTree = "<group>"; };
		688FD1BD1CCB71CC00344C7B /* MapPinRed@3x.png */ = {isa = PBXFileReference; lastKnownFileType = image.png; path = "MapPinRed@3x.png"; sourceTree = "<group>"; };
		688FD1BE1CCB71CC00344C7B /* MapPinYellow.png */ = {isa = PBXFileReference; lastKnownFileType = image.png; path = MapPinYellow.png; sourceTree = "<group>"; };
		688FD1BF1CCB71CC00344C7B /* MapPinYellow@2x.png */ = {isa = PBXFileReference; lastKnownFileType = image.png; path = "MapPinYellow@2x.png"; sourceTree = "<group>"; };
		688FD1C01CCB71CC00344C7B /* MapPinYellow@3x.png */ = {isa = PBXFileReference; lastKnownFileType = image.png; path = "MapPinYellow@3x.png"; sourceTree = "<group>"; };
		688FD1CA1CCB721600344C7B /* CMPinAnnotation.h */ = {isa = PBXFileReference; fileEncoding = 4; lastKnownFileType = sourcecode.c.h; path = CMPinAnnotation.h; sourceTree = "<group>"; };
		688FD1CB1CCB721600344C7B /* CMPinAnnotation.m */ = {isa = PBXFileReference; fileEncoding = 4; lastKnownFileType = sourcecode.c.objc; path = CMPinAnnotation.m; sourceTree = "<group>"; };
		688FD1CD1CCB741200344C7B /* CMSite.h */ = {isa = PBXFileReference; fileEncoding = 4; lastKnownFileType = sourcecode.c.h; path = CMSite.h; sourceTree = "<group>"; };
		688FD1CE1CCB741200344C7B /* CMSite.m */ = {isa = PBXFileReference; fileEncoding = 4; lastKnownFileType = sourcecode.c.objc; path = CMSite.m; sourceTree = "<group>"; };
		688FD1D11CCC56A700344C7B /* 06-map-pin.png */ = {isa = PBXFileReference; lastKnownFileType = image.png; path = "06-map-pin.png"; sourceTree = "<group>"; };
		688FD1D21CCC56A700344C7B /* 06-map-pin@2x.png */ = {isa = PBXFileReference; lastKnownFileType = image.png; path = "06-map-pin@2x.png"; sourceTree = "<group>"; };
		688FD1D51CCC570000344C7B /* map.png */ = {isa = PBXFileReference; lastKnownFileType = image.png; path = map.png; sourceTree = "<group>"; };
		688FD1D71CCC571200344C7B /* text_justify.png */ = {isa = PBXFileReference; lastKnownFileType = image.png; path = text_justify.png; sourceTree = "<group>"; };
		688FD1D91CCC572600344C7B /* star.png */ = {isa = PBXFileReference; lastKnownFileType = image.png; path = star.png; sourceTree = "<group>"; };
		688FD1DB1CCC575300344C7B /* 28-star.png */ = {isa = PBXFileReference; lastKnownFileType = image.png; path = "28-star.png"; sourceTree = "<group>"; };
		688FD1DC1CCC575300344C7B /* 28-star@2x.png */ = {isa = PBXFileReference; lastKnownFileType = image.png; path = "28-star@2x.png"; sourceTree = "<group>"; };
		688FD1DF1CCC577000344C7B /* 103-map.png */ = {isa = PBXFileReference; lastKnownFileType = image.png; path = "103-map.png"; sourceTree = "<group>"; };
		688FD1E01CCC577000344C7B /* 103-map@2x.png */ = {isa = PBXFileReference; lastKnownFileType = image.png; path = "103-map@2x.png"; sourceTree = "<group>"; };
		688FD1E31CCC57A800344C7B /* 259-list.png */ = {isa = PBXFileReference; lastKnownFileType = image.png; path = "259-list.png"; sourceTree = "<group>"; };
		688FD1E41CCC57A800344C7B /* 259-list@2x.png */ = {isa = PBXFileReference; lastKnownFileType = image.png; path = "259-list@2x.png"; sourceTree = "<group>"; };
		8F5DFEE64E41F8430E77528B /* Pods-Carpe Miem.release.xcconfig */ = {isa = PBXFileReference; includeInIndex = 1; lastKnownFileType = text.xcconfig; name = "Pods-Carpe Miem.release.xcconfig"; path = "Pods/Target Support Files/Pods-Carpe Miem/Pods-Carpe Miem.release.xcconfig"; sourceTree = "<group>"; };
		C46E8FB9016BD504DA4622CA /* Pods-Carpe Miem.debug.xcconfig */ = {isa = PBXFileReference; includeInIndex = 1; lastKnownFileType = text.xcconfig; name = "Pods-Carpe Miem.debug.xcconfig"; path = "Pods/Target Support Files/Pods-Carpe Miem/Pods-Carpe Miem.debug.xcconfig"; sourceTree = "<group>"; };
		FE7D4595EFC5B85F2F9BC4E0 /* libPods-Carpe Miem.a */ = {isa = PBXFileReference; explicitFileType = archive.ar; includeInIndex = 0; path = "libPods-Carpe Miem.a"; sourceTree = BUILT_PRODUCTS_DIR; };
/* End PBXFileReference section */

/* Begin PBXFrameworksBuildPhase section */
		688FD1911CCB343300344C7B /* Frameworks */ = {
			isa = PBXFrameworksBuildPhase;
			buildActionMask = 2147483647;
			files = (
				BA86AE8613460ED58441DB45 /* libPods-Carpe Miem.a in Frameworks */,
			);
			runOnlyForDeploymentPostprocessing = 0;
		};
/* End PBXFrameworksBuildPhase section */

/* Begin PBXGroup section */
		64FE0E87B6C897D6B1076BC7 /* Pods */ = {
			isa = PBXGroup;
			children = (
				C46E8FB9016BD504DA4622CA /* Pods-Carpe Miem.debug.xcconfig */,
				8F5DFEE64E41F8430E77528B /* Pods-Carpe Miem.release.xcconfig */,
			);
			name = Pods;
			sourceTree = "<group>";
		};
		688FD18B1CCB343300344C7B = {
			isa = PBXGroup;
			children = (
				688FD1961CCB343300344C7B /* Carpe Miem */,
				688FD1951CCB343300344C7B /* Products */,
				64FE0E87B6C897D6B1076BC7 /* Pods */,
				9D7605001C89654F20A6AB57 /* Frameworks */,
			);
			sourceTree = "<group>";
		};
		688FD1951CCB343300344C7B /* Products */ = {
			isa = PBXGroup;
			children = (
				688FD1941CCB343300344C7B /* Carpe Miem.app */,
			);
			name = Products;
			sourceTree = "<group>";
		};
		688FD1961CCB343300344C7B /* Carpe Miem */ = {
			isa = PBXGroup;
			children = (
				688FD19A1CCB343300344C7B /* AppDelegate.h */,
				688FD19B1CCB343300344C7B /* AppDelegate.m */,
				688FD1B11CCB46DF00344C7B /* CM.h */,
				688FD1B21CCB46DF00344C7B /* CM.m */,
				688FD19D1CCB343300344C7B /* MapVC.h */,
				688FD19E1CCB343300344C7B /* MapVC.m */,
				688FD1D01CCC569F00344C7B /* Tabs */,
				688FD1CD1CCB741200344C7B /* CMSite.h */,
				688FD1CE1CCB741200344C7B /* CMSite.m */,
				688FD1CA1CCB721600344C7B /* CMPinAnnotation.h */,
				688FD1CB1CCB721600344C7B /* CMPinAnnotation.m */,
				688FD1B71CCB71BC00344C7B /* MapPins */,
				688FD1A01CCB343300344C7B /* ListVC.h */,
				688FD1A11CCB343300344C7B /* ListVC.m */,
				688FD1B41CCB52BA00344C7B /* ItineraryVC.h */,
				688FD1B51CCB52BA00344C7B /* ItineraryVC.m */,
				688FD1A31CCB343300344C7B /* Main.storyboard */,
				688FD1A61CCB343300344C7B /* Assets.xcassets */,
				688FD1A81CCB343300344C7B /* LaunchScreen.storyboard */,
				688FD1AB1CCB343300344C7B /* Info.plist */,
				688FD1971CCB343300344C7B /* Supporting Files */,
			);
			path = "Carpe Miem";
			sourceTree = "<group>";
		};
		688FD1971CCB343300344C7B /* Supporting Files */ = {
			isa = PBXGroup;
			children = (
				688FD1981CCB343300344C7B /* main.m */,
			);
			name = "Supporting Files";
			sourceTree = "<group>";
		};
		688FD1B71CCB71BC00344C7B /* MapPins */ = {
			isa = PBXGroup;
			children = (
				688FD1B81CCB71CC00344C7B /* MapPinGreen.png */,
				688FD1B91CCB71CC00344C7B /* MapPinGreen@2x.png */,
				688FD1BA1CCB71CC00344C7B /* MapPinGreen@3x.png */,
				688FD1BB1CCB71CC00344C7B /* MapPinRed.png */,
				688FD1BC1CCB71CC00344C7B /* MapPinRed@2x.png */,
				688FD1BD1CCB71CC00344C7B /* MapPinRed@3x.png */,
				688FD1BE1CCB71CC00344C7B /* MapPinYellow.png */,
				688FD1BF1CCB71CC00344C7B /* MapPinYellow@2x.png */,
				688FD1C01CCB71CC00344C7B /* MapPinYellow@3x.png */,
			);
			name = MapPins;
			sourceTree = "<group>";
		};
		688FD1D01CCC569F00344C7B /* Tabs */ = {
			isa = PBXGroup;
			children = (
				688FD1E31CCC57A800344C7B /* 259-list.png */,
				688FD1E41CCC57A800344C7B /* 259-list@2x.png */,
				688FD1DF1CCC577000344C7B /* 103-map.png */,
				688FD1E01CCC577000344C7B /* 103-map@2x.png */,
				688FD1DB1CCC575300344C7B /* 28-star.png */,
				688FD1DC1CCC575300344C7B /* 28-star@2x.png */,
				688FD1D91CCC572600344C7B /* star.png */,
				688FD1D71CCC571200344C7B /* text_justify.png */,
				688FD1D51CCC570000344C7B /* map.png */,
				688FD1D11CCC56A700344C7B /* 06-map-pin.png */,
				688FD1D21CCC56A700344C7B /* 06-map-pin@2x.png */,
			);
			name = Tabs;
			sourceTree = "<group>";
		};
		9D7605001C89654F20A6AB57 /* Frameworks */ = {
			isa = PBXGroup;
			children = (
				FE7D4595EFC5B85F2F9BC4E0 /* libPods-Carpe Miem.a */,
			);
			name = Frameworks;
			sourceTree = "<group>";
		};
/* End PBXGroup section */

/* Begin PBXNativeTarget section */
		688FD1931CCB343300344C7B /* Carpe Miem */ = {
			isa = PBXNativeTarget;
			buildConfigurationList = 688FD1AE1CCB343300344C7B /* Build configuration list for PBXNativeTarget "Carpe Miem" */;
			buildPhases = (
				A7E9C4B8BAD0831AE2842715 /* Check Pods Manifest.lock */,
				688FD1901CCB343300344C7B /* Sources */,
				688FD1911CCB343300344C7B /* Frameworks */,
				688FD1921CCB343300344C7B /* Resources */,
				85268C0D0AAB144D3BB6CEF4 /* Embed Pods Frameworks */,
				8D4A04E8BBE7A85EBC0D2895 /* Copy Pods Resources */,
			);
			buildRules = (
			);
			dependencies = (
			);
			name = "Carpe Miem";
			productName = "Carpe Miem";
			productReference = 688FD1941CCB343300344C7B /* Carpe Miem.app */;
			productType = "com.apple.product-type.application";
		};
/* End PBXNativeTarget section */

/* Begin PBXProject section */
		688FD18C1CCB343300344C7B /* Project object */ = {
			isa = PBXProject;
			attributes = {
				LastUpgradeCheck = 0730;
				ORGANIZATIONNAME = fishackathon;
				TargetAttributes = {
					688FD1931CCB343300344C7B = {
						CreatedOnToolsVersion = 7.3;
					};
				};
			};
			buildConfigurationList = 688FD18F1CCB343300344C7B /* Build configuration list for PBXProject "Carpe Miem" */;
			compatibilityVersion = "Xcode 3.2";
			developmentRegion = English;
			hasScannedForEncodings = 0;
			knownRegions = (
				en,
				Base,
			);
			mainGroup = 688FD18B1CCB343300344C7B;
			productRefGroup = 688FD1951CCB343300344C7B /* Products */;
			projectDirPath = "";
			projectRoot = "";
			targets = (
				688FD1931CCB343300344C7B /* Carpe Miem */,
			);
		};
/* End PBXProject section */

/* Begin PBXResourcesBuildPhase section */
		688FD1921CCB343300344C7B /* Resources */ = {
			isa = PBXResourcesBuildPhase;
			buildActionMask = 2147483647;
			files = (
				688FD1C11CCB71CC00344C7B /* MapPinGreen.png in Resources */,
				688FD1E11CCC577000344C7B /* 103-map.png in Resources */,
				688FD1E21CCC577000344C7B /* 103-map@2x.png in Resources */,
				688FD1C81CCB71CD00344C7B /* MapPinYellow@2x.png in Resources */,
				688FD1DE1CCC575300344C7B /* 28-star@2x.png in Resources */,
				688FD1AA1CCB343300344C7B /* LaunchScreen.storyboard in Resources */,
				688FD1A71CCB343300344C7B /* Assets.xcassets in Resources */,
				688FD1C61CCB71CD00344C7B /* MapPinRed@3x.png in Resources */,
				688FD1D81CCC571200344C7B /* text_justify.png in Resources */,
				688FD1A51CCB343300344C7B /* Main.storyboard in Resources */,
				688FD1E61CCC57A800344C7B /* 259-list@2x.png in Resources */,
				688FD1C91CCB71CD00344C7B /* MapPinYellow@3x.png in Resources */,
				688FD1C31CCB71CD00344C7B /* MapPinGreen@3x.png in Resources */,
				688FD1E51CCC57A800344C7B /* 259-list.png in Resources */,
				688FD1DA1CCC572600344C7B /* star.png in Resources */,
				688FD1D31CCC56A700344C7B /* 06-map-pin.png in Resources */,
				688FD1DD1CCC575300344C7B /* 28-star.png in Resources */,
				688FD1D61CCC570000344C7B /* map.png in Resources */,
				688FD1C51CCB71CD00344C7B /* MapPinRed@2x.png in Resources */,
				688FD1C41CCB71CD00344C7B /* MapPinRed.png in Resources */,
				688FD1D41CCC56A700344C7B /* 06-map-pin@2x.png in Resources */,
				688FD1C71CCB71CD00344C7B /* MapPinYellow.png in Resources */,
				688FD1C21CCB71CD00344C7B /* MapPinGreen@2x.png in Resources */,
			);
			runOnlyForDeploymentPostprocessing = 0;
		};
/* End PBXResourcesBuildPhase section */

/* Begin PBXShellScriptBuildPhase section */
		85268C0D0AAB144D3BB6CEF4 /* Embed Pods Frameworks */ = {
			isa = PBXShellScriptBuildPhase;
			buildActionMask = 2147483647;
			files = (
			);
			inputPaths = (
			);
			name = "Embed Pods Frameworks";
			outputPaths = (
			);
			runOnlyForDeploymentPostprocessing = 0;
			shellPath = /bin/sh;
			shellScript = "\"${SRCROOT}/Pods/Target Support Files/Pods-Carpe Miem/Pods-Carpe Miem-frameworks.sh\"\n";
			showEnvVarsInLog = 0;
		};
		8D4A04E8BBE7A85EBC0D2895 /* Copy Pods Resources */ = {
			isa = PBXShellScriptBuildPhase;
			buildActionMask = 2147483647;
			files = (
			);
			inputPaths = (
			);
			name = "Copy Pods Resources";
			outputPaths = (
			);
			runOnlyForDeploymentPostprocessing = 0;
			shellPath = /bin/sh;
			shellScript = "\"${SRCROOT}/Pods/Target Support Files/Pods-Carpe Miem/Pods-Carpe Miem-resources.sh\"\n";
			showEnvVarsInLog = 0;
		};
		A7E9C4B8BAD0831AE2842715 /* Check Pods Manifest.lock */ = {
			isa = PBXShellScriptBuildPhase;
			buildActionMask = 2147483647;
			files = (
			);
			inputPaths = (
			);
			name = "Check Pods Manifest.lock";
			outputPaths = (
			);
			runOnlyForDeploymentPostprocessing = 0;
			shellPath = /bin/sh;
			shellScript = "diff \"${PODS_ROOT}/../Podfile.lock\" \"${PODS_ROOT}/Manifest.lock\" > /dev/null\nif [[ $? != 0 ]] ; then\n    cat << EOM\nerror: The sandbox is not in sync with the Podfile.lock. Run 'pod install' or update your CocoaPods installation.\nEOM\n    exit 1\nfi\n";
			showEnvVarsInLog = 0;
		};
/* End PBXShellScriptBuildPhase section */

/* Begin PBXSourcesBuildPhase section */
		688FD1901CCB343300344C7B /* Sources */ = {
			isa = PBXSourcesBuildPhase;
			buildActionMask = 2147483647;
			files = (
				688FD1CF1CCB741200344C7B /* CMSite.m in Sources */,
				688FD1B31CCB46DF00344C7B /* CM.m in Sources */,
				688FD1A21CCB343300344C7B /* ListVC.m in Sources */,
				688FD1CC1CCB721600344C7B /* CMPinAnnotation.m in Sources */,
				688FD1B61CCB52BA00344C7B /* ItineraryVC.m in Sources */,
				688FD19C1CCB343300344C7B /* AppDelegate.m in Sources */,
				688FD19F1CCB343300344C7B /* MapVC.m in Sources */,
				688FD1991CCB343300344C7B /* main.m in Sources */,
			);
			runOnlyForDeploymentPostprocessing = 0;
		};
/* End PBXSourcesBuildPhase section */

/* Begin PBXVariantGroup section */
		688FD1A31CCB343300344C7B /* Main.storyboard */ = {
			isa = PBXVariantGroup;
			children = (
				688FD1A41CCB343300344C7B /* Base */,
			);
			name = Main.storyboard;
			sourceTree = "<group>";
		};
		688FD1A81CCB343300344C7B /* LaunchScreen.storyboard */ = {
			isa = PBXVariantGroup;
			children = (
				688FD1A91CCB343300344C7B /* Base */,
			);
			name = LaunchScreen.storyboard;
			sourceTree = "<group>";
		};
/* End PBXVariantGroup section */

/* Begin XCBuildConfiguration section */
		688FD1AC1CCB343300344C7B /* Debug */ = {
			isa = XCBuildConfiguration;
			buildSettings = {
				ALWAYS_SEARCH_USER_PATHS = NO;
				CLANG_ANALYZER_NONNULL = YES;
				CLANG_CXX_LANGUAGE_STANDARD = "gnu++0x";
				CLANG_CXX_LIBRARY = "libc++";
				CLANG_ENABLE_MODULES = YES;
				CLANG_ENABLE_OBJC_ARC = YES;
				CLANG_WARN_BOOL_CONVERSION = YES;
				CLANG_WARN_CONSTANT_CONVERSION = YES;
				CLANG_WARN_DIRECT_OBJC_ISA_USAGE = YES_ERROR;
				CLANG_WARN_EMPTY_BODY = YES;
				CLANG_WARN_ENUM_CONVERSION = YES;
				CLANG_WARN_INT_CONVERSION = YES;
				CLANG_WARN_OBJC_ROOT_CLASS = YES_ERROR;
				CLANG_WARN_UNREACHABLE_CODE = YES;
				CLANG_WARN__DUPLICATE_METHOD_MATCH = YES;
				"CODE_SIGN_IDENTITY[sdk=iphoneos*]" = "iPhone Developer";
				COPY_PHASE_STRIP = NO;
				DEBUG_INFORMATION_FORMAT = dwarf;
				ENABLE_STRICT_OBJC_MSGSEND = YES;
				ENABLE_TESTABILITY = YES;
				GCC_C_LANGUAGE_STANDARD = gnu99;
				GCC_DYNAMIC_NO_PIC = NO;
				GCC_NO_COMMON_BLOCKS = YES;
				GCC_OPTIMIZATION_LEVEL = 0;
				GCC_PREPROCESSOR_DEFINITIONS = (
					"DEBUG=1",
					"$(inherited)",
				);
				GCC_WARN_64_TO_32_BIT_CONVERSION = YES;
				GCC_WARN_ABOUT_RETURN_TYPE = YES_ERROR;
				GCC_WARN_UNDECLARED_SELECTOR = YES;
				GCC_WARN_UNINITIALIZED_AUTOS = YES_AGGRESSIVE;
				GCC_WARN_UNUSED_FUNCTION = YES;
				GCC_WARN_UNUSED_VARIABLE = YES;
				IPHONEOS_DEPLOYMENT_TARGET = 9.3;
				MTL_ENABLE_DEBUG_INFO = YES;
				ONLY_ACTIVE_ARCH = YES;
				SDKROOT = iphoneos;
				TARGETED_DEVICE_FAMILY = "1,2";
			};
			name = Debug;
		};
		688FD1AD1CCB343300344C7B /* Release */ = {
			isa = XCBuildConfiguration;
			buildSettings = {
				ALWAYS_SEARCH_USER_PATHS = NO;
				CLANG_ANALYZER_NONNULL = YES;
				CLANG_CXX_LANGUAGE_STANDARD = "gnu++0x";
				CLANG_CXX_LIBRARY = "libc++";
				CLANG_ENABLE_MODULES = YES;
				CLANG_ENABLE_OBJC_ARC = YES;
				CLANG_WARN_BOOL_CONVERSION = YES;
				CLANG_WARN_CONSTANT_CONVERSION = YES;
				CLANG_WARN_DIRECT_OBJC_ISA_USAGE = YES_ERROR;
				CLANG_WARN_EMPTY_BODY = YES;
				CLANG_WARN_ENUM_CONVERSION = YES;
				CLANG_WARN_INT_CONVERSION = YES;
				CLANG_WARN_OBJC_ROOT_CLASS = YES_ERROR;
				CLANG_WARN_UNREACHABLE_CODE = YES;
				CLANG_WARN__DUPLICATE_METHOD_MATCH = YES;
				"CODE_SIGN_IDENTITY[sdk=iphoneos*]" = "iPhone Developer";
				COPY_PHASE_STRIP = NO;
				DEBUG_INFORMATION_FORMAT = "dwarf-with-dsym";
				ENABLE_NS_ASSERTIONS = NO;
				ENABLE_STRICT_OBJC_MSGSEND = YES;
				GCC_C_LANGUAGE_STANDARD = gnu99;
				GCC_NO_COMMON_BLOCKS = YES;
				GCC_WARN_64_TO_32_BIT_CONVERSION = YES;
				GCC_WARN_ABOUT_RETURN_TYPE = YES_ERROR;
				GCC_WARN_UNDECLARED_SELECTOR = YES;
				GCC_WARN_UNINITIALIZED_AUTOS = YES_AGGRESSIVE;
				GCC_WARN_UNUSED_FUNCTION = YES;
				GCC_WARN_UNUSED_VARIABLE = YES;
				IPHONEOS_DEPLOYMENT_TARGET = 9.3;
				MTL_ENABLE_DEBUG_INFO = NO;
				SDKROOT = iphoneos;
				TARGETED_DEVICE_FAMILY = "1,2";
				VALIDATE_PRODUCT = YES;
			};
			name = Release;
		};
		688FD1AF1CCB343300344C7B /* Debug */ = {
			isa = XCBuildConfiguration;
			baseConfigurationReference = C46E8FB9016BD504DA4622CA /* Pods-Carpe Miem.debug.xcconfig */;
			buildSettings = {
				ASSETCATALOG_COMPILER_APPICON_NAME = AppIcon;
				ASSETCATALOG_COMPILER_LAUNCHIMAGE_NAME = "Brand Assets";
				INFOPLIST_FILE = "Carpe Miem/Info.plist";
				LD_RUNPATH_SEARCH_PATHS = "$(inherited) @executable_path/Frameworks";
				PRODUCT_BUNDLE_IDENTIFIER = "com.fishackathon.Carpe-Miem";
				PRODUCT_NAME = "$(TARGET_NAME)";
			};
			name = Debug;
		};
		688FD1B01CCB343300344C7B /* Release */ = {
			isa = XCBuildConfiguration;
			baseConfigurationReference = 8F5DFEE64E41F8430E77528B /* Pods-Carpe Miem.release.xcconfig */;
			buildSettings = {
				ASSETCATALOG_COMPILER_APPICON_NAME = AppIcon;
				ASSETCATALOG_COMPILER_LAUNCHIMAGE_NAME = "Brand Assets";
				INFOPLIST_FILE = "Carpe Miem/Info.plist";
				LD_RUNPATH_SEARCH_PATHS = "$(inherited) @executable_path/Frameworks";
				PRODUCT_BUNDLE_IDENTIFIER = "com.fishackathon.Carpe-Miem";
				PRODUCT_NAME = "$(TARGET_NAME)";
			};
			name = Release;
		};
/* End XCBuildConfiguration section */

/* Begin XCConfigurationList section */
		688FD18F1CCB343300344C7B /* Build configuration list for PBXProject "Carpe Miem" */ = {
			isa = XCConfigurationList;
			buildConfigurations = (
				688FD1AC1CCB343300344C7B /* Debug */,
				688FD1AD1CCB343300344C7B /* Release */,
			);
			defaultConfigurationIsVisible = 0;
			defaultConfigurationName = Release;
		};
		688FD1AE1CCB343300344C7B /* Build configuration list for PBXNativeTarget "Carpe Miem" */ = {
			isa = XCConfigurationList;
			buildConfigurations = (
				688FD1AF1CCB343300344C7B /* Debug */,
				688FD1B01CCB343300344C7B /* Release */,
			);
			defaultConfigurationIsVisible = 0;
			defaultConfigurationName = Release;
		};
/* End XCConfigurationList section */
	};
	rootObject = 688FD18C1CCB343300344C7B /* Project object */;
}
